{
  "name": "mmn-store",
  "version": "0.1.0",
  "lockfileVersion": 2,
  "requires": true,
  "packages": {
    "": {
      "name": "mmn-store",
      "version": "0.1.0",
      "private": true,
      "dependencies": {
        "@supabase/supabase-js": "^2.2.0",
        "firebase": "^9.15.0",
        "next": "13.1.1",
        "react": "18.2.0",
        "react-dom": "18.2.0"
      },
      "devDependencies": {
        "@types/node": "18.11.18",
        "@types/react": "18.0.26",
        "@types/react-dom": "18.0.10",
        "autoprefixer": "^10.4.13",
        "eslint": "8.30.0",
        "eslint-config-next": "13.1.1",
        "postcss": "^8.4.20",
        "tailwindcss": "^3.2.4",
        "typescript": "4.9.4"
      }
    },
    "node_modules/@supabase/supabase-js": {
      "version": "2.2.0",
      "resolved": "https://registry.npmjs.org/@supabase/supabase-js/-/supabase-js-2.2.0.tgz",
      "integrity": "sha512-Y1h9ALC0Jb6qVnQuxzTeBTJnV+gYeyxTnwL0eFopkQ2OYtC6q/21I4cT0QvT4YCDyTsmM6bHqLqVwea1aJc5OA=="
    },
    "node_modules/firebase": {
      "version": "9.15.0",
      "resolved": "https://registry.npmjs.org/firebase/-/firebase-9.15.0.tgz",
      "integrity": "sha512-uSp6VTm3y722URxse2d/OQp7eJ9ygo1fl/lBCfl+eJA3D/2mOhsJqu5yXJm//g5/C2Fw+vHSo5ia2e+GAgYemA=="
    },
    "node_modules/next": {
      "version": "13.1.1",
      "resolved": "https://registry.npmjs.org/next/-/next-13.1.1.tgz",
      "integrity": "sha512-LgJNUosNfCbwj/u/kce/S263/1fOwF+1F1wF6/8B1gQyQ1xJHc/eY5TjX7/O+Q1gE6yZ/W/3bE2x/aO/wJqZA==",
      "bin": {
        "next": "dist/bin/next"
      },
      "engines": {
        "node": ">=14.6.0"
      }
    },
    "node_modules/react": {
      "version": "18.2.0",
      "resolved": "https://registry.npmjs.org/react/-/react-18.2.0.tgz",
      "integrity": "sha512-/3IjMdbB8WXQbOUdE1grPtSFDCbITJv+IqBHwxt8i1eYiaAfl+lPcPXpL9kIJIpSjLBpL0rOInWb2H3L+g6Q2A==",
      "engines": {
        "node": ">=0.10.0"
      }
    },
    "node_modules/react-dom": {
      "version": "18.2.0",
      "resolved": "https://registry.npmjs.org/react-dom/-/react-dom-18.2.0.tgz",
      "integrity": "sha512-6IMTriUmvsjHUjjpdoqzVOOFxx+RbOttMjaBHBglsQo9cyGgG2297X6nK2V7ifC/7Yh25p1NB2y/zDnjj1zV3Q==",
      "dependencies": {
        "loose-envify": "^1.1.0",
        "scheduler": "^0.23.0"
      },
      "peerDependencies": {
        "react": "^18.2.0"
      }
    },
    "node_modules/typescript": {
      "version": "4.9.4",
      "resolved": "https://registry.npmjs.org/typescript/-/typescript-4.9.4.tgz",
      "integrity": "sha512-Uz+dTXYzxXX2IscdgtvOzqtu2y2o6KF2PPO/RLtdi322qDgjS2uHw2pc1eKps25xFfS2Q7O2vIomzTXY+rIqsg==",
      "dev": true,
      "bin": {
        "tsc": "bin/tsc",
        "tsserver": "bin/tsserver"
      },
      "engines": {
        "node": ">=4.2.0"
      }
    }
  },
  "dependencies": {
    "@supabase/supabase-js": {
      "version": "2.2.0",
      "resolved": "https://registry.npmjs.org/@supabase/supabase-js/-/supabase-js-2.2.0.tgz",
      "integrity": "sha512-Y1h9ALC0Jb6qVnQuxzTeBTJnV+gYeyxTnwL0eFopkQ2OYtC6q/21I4cT0QvT4YCDyTsmM6bHqLqVwea1aJc5OA=="
    },
    "firebase": {
      "version": "9.15.0",
      "resolved": "https://registry.npmjs.org/firebase/-/firebase-9.15.0.tgz",
      "integrity": "sha512-uSp6VTm3y722URxse2d/OQp7eJ9ygo1fl/lBCfl+eJA3D/2mOhsJqu5yXJm//g5/C2Fw+vHSo5ia2e+GAgYemA=="
    },
    "next": {
      "version": "13.1.1",
      "resolved": "https://registry.npmjs.org/next/-/next-13.1.1.tgz",
      "integrity": "sha512-LgJNUosNfCbwj/u/kce/S263/1fOwF+1F1wF6/8B1gQyQ1xJHc/eY5TjX7/O+Q1gE6yZ/W/3bE2x/aO/wJqZA==",
      "requires": {
        "react": "18.2.0",
        "react-dom": "18.2.0"
      }
    },
    "react": {
      "version": "18.2.0",
      "resolved": "https://registry.npmjs.org/react/-/react-18.2.0.tgz",
      "integrity": "sha512-/3IjMdbB8WXQbOUdE1grPtSFDCbITJv+IqBHwxt8i1eYiaAfl+lPcPXpL9kIJIpSjLBpL0rOInWb2H3L+g6Q2A=="
    },
    "react-dom": {
      "version": "18.2.0",
      "resolved": "https://registry.npmjs.org/react-dom/-/react-dom-18.2.0.tgz",
      "integrity": "sha512-6IMTriUmvsjHUjjpdoqzVOOFxx+RbOttMjaBHBglsQo9cyGgG2297X6nK2V7ifC/7Yh25p1NB2y/zDnjj1zV3Q==",
      "requires": {
        "loose-envify": "^1.1.0",
        "scheduler": "^0.23.0"
      }
    },
    "typescript": {
      "version": "4.9.4",
      "resolved": "https://registry.npmjs.org/typescript/-/typescript-4.9.4.tgz",
      "integrity": "sha512-Uz+dTXYzxXX2IscdgtvOzqtu2y2o6KF2PPO/RLtdi322qDgjS2uHw2pc1eKps25xFfS2Q7O2vIomzTXY+rIqsg==",
      "dev": true
    }
  }
}
